
Microsoft Visual Studio Solution File, Format Version 12.00
# Visual Studio Version 17
VisualStudioVersion = 17.7.34221.43
MinimumVisualStudioVersion = 10.0.40219.1
Project("{9A19103F-16F7-4668-BE54-9A1E7A4F7556}") = "TerrainGenerator", "TerrainGenerator\TerrainGenerator.csproj", "{C1B02CD4-B814-480C-8CF8-6EA0CB06C827}"
EndProject
Project("{FAE04EC0-301F-11D3-BF4B-00C04F79EFBC}") = "Engine", "Engine\Engine.csproj", "{A0A0EE1A-6E20-4D70-A402-9336F32CA6CB}"
EndProject
Global
	GlobalSection(SolutionConfigurationPlatforms) = preSolution
		Debug|Any CPU = Debug|Any CPU
		Release|Any CPU = Release|Any CPU
	EndGlobalSection
	GlobalSection(ProjectConfigurationPlatforms) = postSolution
		{C1B02CD4-B814-480C-8CF8-6EA0CB06C827}.Debug|Any CPU.ActiveCfg = Debug|Any CPU
		{C1B02CD4-B814-480C-8CF8-6EA0CB06C827}.Debug|Any CPU.Build.0 = Debug|Any CPU
		{C1B02CD4-B814-480C-8CF8-6EA0CB06C827}.Release|Any CPU.ActiveCfg = Release|Any CPU
		{C1B02CD4-B814-480C-8CF8-6EA0CB06C827}.Release|Any CPU.Build.0 = Release|Any CPU
		{A0A0EE1A-6E20-4D70-A402-9336F32CA6CB}.Debug|Any CPU.ActiveCfg = Debug|Any CPU
		{A0A0EE1A-6E20-4D70-A402-9336F32CA6CB}.Debug|Any CPU.Build.0 = Debug|Any CPU
		{A0A0EE1A-6E20-4D70-A402-9336F32CA6CB}.Release|Any CPU.ActiveCfg = Release|Any CPU
		{A0A0EE1A-6E20-4D70-A402-9336F32CA6CB}.Release|Any CPU.Build.0 = Release|Any CPU
	EndGlobalSection
	GlobalSection(SolutionProperties) = preSolution
		HideSolutionNode = FALSE
	EndGlobalSection
	GlobalSection(ExtensibilityGlobals) = postSolution
		SolutionGuid = {F79DE717-D3FC-44D9-A652-4D3388566E89}
	EndGlobalSection
EndGlobal
